
Microsoft Visual Studio Solution File, Format Version 12.00
# Visual Studio Version 16
VisualStudioVersion = 16.0.30406.217
MinimumVisualStudioVersion = 10.0.40219.1
Project("{FAE04EC0-301F-11D3-BF4B-00C04F79EFBC}") = "BFNApi", "BFNApi\BFNApi.csproj", "{23E5D6AD-18A1-4222-9F69-6BA8CF2A46B3}"
EndProject
Global
	GlobalSection(SolutionConfigurationPlatforms) = preSolution
		Debug|Any CPU = Debug|Any CPU
		Release|Any CPU = Release|Any CPU
	EndGlobalSection
	GlobalSection(ProjectConfigurationPlatforms) = postSolution
		{23E5D6AD-18A1-4222-9F69-6BA8CF2A46B3}.Debug|Any CPU.ActiveCfg = Debug|Any CPU
		{23E5D6AD-18A1-4222-9F69-6BA8CF2A46B3}.Debug|Any CPU.Build.0 = Debug|Any CPU
		{23E5D6AD-18A1-4222-9F69-6BA8CF2A46B3}.Release|Any CPU.ActiveCfg = Release|Any CPU
		{23E5D6AD-18A1-4222-9F69-6BA8CF2A46B3}.Release|Any CPU.Build.0 = Release|Any CPU
	EndGlobalSection
	GlobalSection(SolutionProperties) = preSolution
		HideSolutionNode = FALSE
	EndGlobalSection
	GlobalSection(ExtensibilityGlobals) = postSolution
		SolutionGuid = {F01C9EF4-31A4-4FB3-ADA9-672EA3928253}
	EndGlobalSection
EndGlobal
